
Microsoft Visual Studio Solution File, Format Version 12.00
# Visual Studio Version 16
VisualStudioVersion = 16.0.31205.134
MinimumVisualStudioVersion = 10.0.40219.1
Project("{FAE04EC0-301F-11D3-BF4B-00C04F79EFBC}") = "voice bot", "voice bot\voice bot.csproj", "{F2C7941C-7B05-407C-A510-22C3FB5AB839}"
EndProject
Global
	GlobalSection(SolutionConfigurationPlatforms) = preSolution
		Debug|Any CPU = Debug|Any CPU
		Release|Any CPU = Release|Any CPU
	EndGlobalSection
	GlobalSection(ProjectConfigurationPlatforms) = postSolution
		{F2C7941C-7B05-407C-A510-22C3FB5AB839}.Debug|Any CPU.ActiveCfg = Debug|Any CPU
		{F2C7941C-7B05-407C-A510-22C3FB5AB839}.Debug|Any CPU.Build.0 = Debug|Any CPU
		{F2C7941C-7B05-407C-A510-22C3FB5AB839}.Release|Any CPU.ActiveCfg = Release|Any CPU
		{F2C7941C-7B05-407C-A510-22C3FB5AB839}.Release|Any CPU.Build.0 = Release|Any CPU
	EndGlobalSection
	GlobalSection(SolutionProperties) = preSolution
		HideSolutionNode = FALSE
	EndGlobalSection
	GlobalSection(ExtensibilityGlobals) = postSolution
		SolutionGuid = {7533DD7F-523F-45C7-B4B8-7DFDAAC029F1}
	EndGlobalSection
EndGlobal
